
Microsoft Visual Studio Solution File, Format Version 12.00
# Visual Studio 15
VisualStudioVersion = 15.0.26430.16
MinimumVisualStudioVersion = 10.0.40219.1
Project("{8BC9CEB8-8B4A-11D0-8D11-00A0C91BC942}") = "wordCount", "wordCount\wordCount.vcxproj", "{6CB47A59-A7D6-4961-93EA-95F0EB89E5AF}"
EndProject
Project("{8BC9CEB8-8B4A-11D0-8D11-00A0C91BC942}") = "testWordCount", "testWordCount\testWordCount.vcxproj", "{1A5414D8-E0CF-4D0F-9D9B-667A4228E2E1}"
EndProject
Global
	GlobalSection(SolutionConfigurationPlatforms) = preSolution
		Debug|x64 = Debug|x64
		Debug|x86 = Debug|x86
		Release|x64 = Release|x64
		Release|x86 = Release|x86
	EndGlobalSection
	GlobalSection(ProjectConfigurationPlatforms) = postSolution
		{6CB47A59-A7D6-4961-93EA-95F0EB89E5AF}.Debug|x64.ActiveCfg = Debug|x64
		{6CB47A59-A7D6-4961-93EA-95F0EB89E5AF}.Debug|x64.Build.0 = Debug|x64
		{6CB47A59-A7D6-4961-93EA-95F0EB89E5AF}.Debug|x86.ActiveCfg = Debug|Win32
		{6CB47A59-A7D6-4961-93EA-95F0EB89E5AF}.Debug|x86.Build.0 = Debug|Win32
		{6CB47A59-A7D6-4961-93EA-95F0EB89E5AF}.Release|x64.ActiveCfg = Release|x64
		{6CB47A59-A7D6-4961-93EA-95F0EB89E5AF}.Release|x64.Build.0 = Release|x64
		{6CB47A59-A7D6-4961-93EA-95F0EB89E5AF}.Release|x86.ActiveCfg = Release|Win32
		{6CB47A59-A7D6-4961-93EA-95F0EB89E5AF}.Release|x86.Build.0 = Release|Win32
		{1A5414D8-E0CF-4D0F-9D9B-667A4228E2E1}.Debug|x64.ActiveCfg = Debug|x64
		{1A5414D8-E0CF-4D0F-9D9B-667A4228E2E1}.Debug|x64.Build.0 = Debug|x64
		{1A5414D8-E0CF-4D0F-9D9B-667A4228E2E1}.Debug|x86.ActiveCfg = Debug|Win32
		{1A5414D8-E0CF-4D0F-9D9B-667A4228E2E1}.Debug|x86.Build.0 = Debug|Win32
		{1A5414D8-E0CF-4D0F-9D9B-667A4228E2E1}.Release|x64.ActiveCfg = Release|x64
		{1A5414D8-E0CF-4D0F-9D9B-667A4228E2E1}.Release|x64.Build.0 = Release|x64
		{1A5414D8-E0CF-4D0F-9D9B-667A4228E2E1}.Release|x86.ActiveCfg = Release|Win32
		{1A5414D8-E0CF-4D0F-9D9B-667A4228E2E1}.Release|x86.Build.0 = Release|Win32
	EndGlobalSection
	GlobalSection(SolutionProperties) = preSolution
		HideSolutionNode = FALSE
	EndGlobalSection
EndGlobal
